// !$*UTF8*$!
{
	archiveVersion = 1;
	classes = {
	};
	objectVersion = 46;
	objects = {

/* Begin PBXBuildFile section */
		118858321A8DBBC0004012DD /* main.m in Sources */ = {isa = PBXBuildFile; fileRef = 118858311A8DBBC0004012DD /* main.m */; };
		118858351A8DBBC0004012DD /* AppDelegate.m in Sources */ = {isa = PBXBuildFile; fileRef = 118858341A8DBBC0004012DD /* AppDelegate.m */; };
		118858381A8DBBC0004012DD /* UnitTestsCardExample.xcdatamodeld in Sources */ = {isa = PBXBuildFile; fileRef = 118858361A8DBBC0004012DD /* UnitTestsCardExample.xcdatamodeld */; };
		1188583B1A8DBBC0004012DD /* ViewController.m in Sources */ = {isa = PBXBuildFile; fileRef = 1188583A1A8DBBC0004012DD /* ViewController.m */; };
		1188583E1A8DBBC0004012DD /* Main.storyboard in Resources */ = {isa = PBXBuildFile; fileRef = 1188583C1A8DBBC0004012DD /* Main.storyboard */; };
		118858401A8DBBC0004012DD /* Images.xcassets in Resources */ = {isa = PBXBuildFile; fileRef = 1188583F1A8DBBC0004012DD /* Images.xcassets */; };
		118858431A8DBBC0004012DD /* LaunchScreen.xib in Resources */ = {isa = PBXBuildFile; fileRef = 118858411A8DBBC0004012DD /* LaunchScreen.xib */; };
		1188585B1A8DBC42004012DD /* Card.m in Sources */ = {isa = PBXBuildFile; fileRef = 1188585A1A8DBC42004012DD /* Card.m */; };
		118858611A8DBDD5004012DD /* PlayingCard.m in Sources */ = {isa = PBXBuildFile; fileRef = 118858601A8DBDD5004012DD /* PlayingCard.m */; };
		118858641A8DBE2D004012DD /* Deck.m in Sources */ = {isa = PBXBuildFile; fileRef = 118858631A8DBE2D004012DD /* Deck.m */; };
		118858671A8DBE52004012DD /* PlayingCardDeck.m in Sources */ = {isa = PBXBuildFile; fileRef = 118858661A8DBE52004012DD /* PlayingCardDeck.m */; };
		118858691A8DCAE6004012DD /* CardTestCase.m in Sources */ = {isa = PBXBuildFile; fileRef = 118858681A8DCAE6004012DD /* CardTestCase.m */; };
		1188586B1A8DD7B6004012DD /* PlayingCardTestCase.m in Sources */ = {isa = PBXBuildFile; fileRef = 1188586A1A8DD7B6004012DD /* PlayingCardTestCase.m */; };
/* End PBXBuildFile section */

/* Begin PBXContainerItemProxy section */
		118858491A8DBBC0004012DD /* PBXContainerItemProxy */ = {
			isa = PBXContainerItemProxy;
			containerPortal = 118858241A8DBBC0004012DD /* Project object */;
			proxyType = 1;
			remoteGlobalIDString = 1188582B1A8DBBC0004012DD;
			remoteInfo = UnitTestsCardExample;
		};
/* End PBXContainerItemProxy section */

/* Begin PBXFileReference section */
		1188582C1A8DBBC0004012DD /* UnitTestsCardExample.app */ = {isa = PBXFileReference; explicitFileType = wrapper.application; includeInIndex = 0; path = UnitTestsCardExample.app; sourceTree = BUILT_PRODUCTS_DIR; };
		118858301A8DBBC0004012DD /* Info.plist */ = {isa = PBXFileReference; lastKnownFileType = text.plist.xml; path = Info.plist; sourceTree = "<group>"; };
		118858311A8DBBC0004012DD /* main.m */ = {isa = PBXFileReference; lastKnownFileType = sourcecode.c.objc; path = main.m; sourceTree = "<group>"; };
		118858331A8DBBC0004012DD /* AppDelegate.h */ = {isa = PBXFileReference; lastKnownFileType = sourcecode.c.h; path = AppDelegate.h; sourceTree = "<group>"; };
		118858341A8DBBC0004012DD /* AppDelegate.m */ = {isa = PBXFileReference; lastKnownFileType = sourcecode.c.objc; path = AppDelegate.m; sourceTree = "<group>"; };
		118858371A8DBBC0004012DD /* UnitTestsCardExample.xcdatamodel */ = {isa = PBXFileReference; lastKnownFileType = wrapper.xcdatamodel; path = UnitTestsCardExample.xcdatamodel; sourceTree = "<group>"; };
		118858391A8DBBC0004012DD /* ViewController.h */ = {isa = PBXFileReference; lastKnownFileType = sourcecode.c.h; path = ViewController.h; sourceTree = "<group>"; };
		1188583A1A8DBBC0004012DD /* ViewController.m */ = {isa = PBXFileReference; lastKnownFileType = sourcecode.c.objc; path = ViewController.m; sourceTree = "<group>"; };
		1188583D1A8DBBC0004012DD /* Base */ = {isa = PBXFileReference; lastKnownFileType = file.storyboard; name = Base; path = Base.lproj/Main.storyboard; sourceTree = "<group>"; };
		1188583F1A8DBBC0004012DD /* Images.xcassets */ = {isa = PBXFileReference; lastKnownFileType = folder.assetcatalog; path = Images.xcassets; sourceTree = "<group>"; };
		118858421A8DBBC0004012DD /* Base */ = {isa = PBXFileReference; lastKnownFileType = file.xib; name = Base; path = Base.lproj/LaunchScreen.xib; sourceTree = "<group>"; };
		118858481A8DBBC0004012DD /* UnitTestsCardExampleTests.xctest */ = {isa = PBXFileReference; explicitFileType = wrapper.cfbundle; includeInIndex = 0; path = UnitTestsCardExampleTests.xctest; sourceTree = BUILT_PRODUCTS_DIR; };
		1188584D1A8DBBC0004012DD /* Info.plist */ = {isa = PBXFileReference; lastKnownFileType = text.plist.xml; path = Info.plist; sourceTree = "<group>"; };
		118858591A8DBC42004012DD /* Card.h */ = {isa = PBXFileReference; fileEncoding = 4; lastKnownFileType = sourcecode.c.h; path = Card.h; sourceTree = "<group>"; };
		1188585A1A8DBC42004012DD /* Card.m */ = {isa = PBXFileReference; fileEncoding = 4; lastKnownFileType = sourcecode.c.objc; path = Card.m; sourceTree = "<group>"; };
		1188585F1A8DBDD5004012DD /* PlayingCard.h */ = {isa = PBXFileReference; fileEncoding = 4; lastKnownFileType = sourcecode.c.h; path = PlayingCard.h; sourceTree = "<group>"; };
		118858601A8DBDD5004012DD /* PlayingCard.m */ = {isa = PBXFileReference; fileEncoding = 4; lastKnownFileType = sourcecode.c.objc; path = PlayingCard.m; sourceTree = "<group>"; };
		118858621A8DBE2D004012DD /* Deck.h */ = {isa = PBXFileReference; fileEncoding = 4; lastKnownFileType = sourcecode.c.h; path = Deck.h; sourceTree = "<group>"; };
		118858631A8DBE2D004012DD /* Deck.m */ = {isa = PBXFileReference; fileEncoding = 4; lastKnownFileType = sourcecode.c.objc; path = Deck.m; sourceTree = "<group>"; };
		118858651A8DBE52004012DD /* PlayingCardDeck.h */ = {isa = PBXFileReference; fileEncoding = 4; lastKnownFileType = sourcecode.c.h; path = PlayingCardDeck.h; sourceTree = "<group>"; };
		118858661A8DBE52004012DD /* PlayingCardDeck.m */ = {isa = PBXFileReference; fileEncoding = 4; lastKnownFileType = sourcecode.c.objc; path = PlayingCardDeck.m; sourceTree = "<group>"; };
		118858681A8DCAE6004012DD /* CardTestCase.m */ = {isa = PBXFileReference; fileEncoding = 4; lastKnownFileType = sourcecode.c.objc; path = CardTestCase.m; sourceTree = "<group>"; };
		1188586A1A8DD7B6004012DD /* PlayingCardTestCase.m */ = {isa = PBXFileReference; fileEncoding = 4; lastKnownFileType = sourcecode.c.objc; path = PlayingCardTestCase.m; sourceTree = "<group>"; };
/* End PBXFileReference section */

/* Begin PBXFrameworksBuildPhase section */
		118858291A8DBBC0004012DD /* Frameworks */ = {
			isa = PBXFrameworksBuildPhase;
			buildActionMask = 2147483647;
			files = (
			);
			runOnlyForDeploymentPostprocessing = 0;
		};
		118858451A8DBBC0004012DD /* Frameworks */ = {
			isa = PBXFrameworksBuildPhase;
			buildActionMask = 2147483647;
			files = (
			);
			runOnlyForDeploymentPostprocessing = 0;
		};
/* End PBXFrameworksBuildPhase section */

/* Begin PBXGroup section */
		118858231A8DBBC0004012DD = {
			isa = PBXGroup;
			children = (
				1188582E1A8DBBC0004012DD /* UnitTestsCardExample */,
				1188584B1A8DBBC0004012DD /* UnitTestsCardExampleTests */,
				1188582D1A8DBBC0004012DD /* Products */,
			);
			sourceTree = "<group>";
		};
		1188582D1A8DBBC0004012DD /* Products */ = {
			isa = PBXGroup;
			children = (
				1188582C1A8DBBC0004012DD /* UnitTestsCardExample.app */,
				118858481A8DBBC0004012DD /* UnitTestsCardExampleTests.xctest */,
			);
			name = Products;
			sourceTree = "<group>";
		};
		1188582E1A8DBBC0004012DD /* UnitTestsCardExample */ = {
			isa = PBXGroup;
			children = (
				118858581A8DBBDA004012DD /* Models */,
				1188582F1A8DBBC0004012DD /* Supporting Files */,
			);
			path = UnitTestsCardExample;
			sourceTree = "<group>";
		};
		1188582F1A8DBBC0004012DD /* Supporting Files */ = {
			isa = PBXGroup;
			children = (
				118858301A8DBBC0004012DD /* Info.plist */,
				118858311A8DBBC0004012DD /* main.m */,
			);
			name = "Supporting Files";
			sourceTree = "<group>";
		};
		1188584B1A8DBBC0004012DD /* UnitTestsCardExampleTests */ = {
			isa = PBXGroup;
			children = (
				118858681A8DCAE6004012DD /* CardTestCase.m */,
				1188586A1A8DD7B6004012DD /* PlayingCardTestCase.m */,
				1188584C1A8DBBC0004012DD /* Supporting Files */,
			);
			path = UnitTestsCardExampleTests;
			sourceTree = "<group>";
		};
		1188584C1A8DBBC0004012DD /* Supporting Files */ = {
			isa = PBXGroup;
			children = (
				1188584D1A8DBBC0004012DD /* Info.plist */,
			);
			name = "Supporting Files";
			sourceTree = "<group>";
		};
		118858581A8DBBDA004012DD /* Models */ = {
			isa = PBXGroup;
			children = (
				118858331A8DBBC0004012DD /* AppDelegate.h */,
				118858341A8DBBC0004012DD /* AppDelegate.m */,
				118858391A8DBBC0004012DD /* ViewController.h */,
				1188583A1A8DBBC0004012DD /* ViewController.m */,
				1188583C1A8DBBC0004012DD /* Main.storyboard */,
				1188583F1A8DBBC0004012DD /* Images.xcassets */,
				118858411A8DBBC0004012DD /* LaunchScreen.xib */,
				118858361A8DBBC0004012DD /* UnitTestsCardExample.xcdatamodeld */,
				118858591A8DBC42004012DD /* Card.h */,
				1188585A1A8DBC42004012DD /* Card.m */,
				1188585F1A8DBDD5004012DD /* PlayingCard.h */,
				118858601A8DBDD5004012DD /* PlayingCard.m */,
				118858621A8DBE2D004012DD /* Deck.h */,
				118858631A8DBE2D004012DD /* Deck.m */,
				118858651A8DBE52004012DD /* PlayingCardDeck.h */,
				118858661A8DBE52004012DD /* PlayingCardDeck.m */,
			);
			name = Models;
			sourceTree = "<group>";
		};
/* End PBXGroup section */

/* Begin PBXNativeTarget section */
		1188582B1A8DBBC0004012DD /* UnitTestsCardExample */ = {
			isa = PBXNativeTarget;
			buildConfigurationList = 118858521A8DBBC0004012DD /* Build configuration list for PBXNativeTarget "UnitTestsCardExample" */;
			buildPhases = (
				118858281A8DBBC0004012DD /* Sources */,
				118858291A8DBBC0004012DD /* Frameworks */,
				1188582A1A8DBBC0004012DD /* Resources */,
			);
			buildRules = (
			);
			dependencies = (
			);
			name = UnitTestsCardExample;
			productName = UnitTestsCardExample;
			productReference = 1188582C1A8DBBC0004012DD /* UnitTestsCardExample.app */;
			productType = "com.apple.product-type.application";
		};
		118858471A8DBBC0004012DD /* UnitTestsCardExampleTests */ = {
			isa = PBXNativeTarget;
			buildConfigurationList = 118858551A8DBBC0004012DD /* Build configuration list for PBXNativeTarget "UnitTestsCardExampleTests" */;
			buildPhases = (
				118858441A8DBBC0004012DD /* Sources */,
				118858451A8DBBC0004012DD /* Frameworks */,
				118858461A8DBBC0004012DD /* Resources */,
			);
			buildRules = (
			);
			dependencies = (
				1188584A1A8DBBC0004012DD /* PBXTargetDependency */,
			);
			name = UnitTestsCardExampleTests;
			productName = UnitTestsCardExampleTests;
			productReference = 118858481A8DBBC0004012DD /* UnitTestsCardExampleTests.xctest */;
			productType = "com.apple.product-type.bundle.unit-test";
		};
/* End PBXNativeTarget section */

/* Begin PBXProject section */
		118858241A8DBBC0004012DD /* Project object */ = {
			isa = PBXProject;
			attributes = {
				LastUpgradeCheck = 0610;
				ORGANIZATIONNAME = 1st1k;
				TargetAttributes = {
					1188582B1A8DBBC0004012DD = {
						CreatedOnToolsVersion = 6.1.1;
					};
					118858471A8DBBC0004012DD = {
						CreatedOnToolsVersion = 6.1.1;
						TestTargetID = 1188582B1A8DBBC0004012DD;
					};
				};
			};
			buildConfigurationList = 118858271A8DBBC0004012DD /* Build configuration list for PBXProject "UnitTestsCardExample" */;
			compatibilityVersion = "Xcode 3.2";
			developmentRegion = English;
			hasScannedForEncodings = 0;
			knownRegions = (
				en,
				Base,
			);
			mainGroup = 118858231A8DBBC0004012DD;
			productRefGroup = 1188582D1A8DBBC0004012DD /* Products */;
			projectDirPath = "";
			projectRoot = "";
			targets = (
				1188582B1A8DBBC0004012DD /* UnitTestsCardExample */,
				118858471A8DBBC0004012DD /* UnitTestsCardExampleTests */,
			);
		};
/* End PBXProject section */

/* Begin PBXResourcesBuildPhase section */
		1188582A1A8DBBC0004012DD /* Resources */ = {
			isa = PBXResourcesBuildPhase;
			buildActionMask = 2147483647;
			files = (
				1188583E1A8DBBC0004012DD /* Main.storyboard in Resources */,
				118858431A8DBBC0004012DD /* LaunchScreen.xib in Resources */,
				118858401A8DBBC0004012DD /* Images.xcassets in Resources */,
			);
			runOnlyForDeploymentPostprocessing = 0;
		};
		118858461A8DBBC0004012DD /* Resources */ = {
			isa = PBXResourcesBuildPhase;
			buildActionMask = 2147483647;
			files = (
			);
			runOnlyForDeploymentPostprocessing = 0;
		};
/* End PBXResourcesBuildPhase section */

/* Begin PBXSourcesBuildPhase section */
		118858281A8DBBC0004012DD /* Sources */ = {
			isa = PBXSourcesBuildPhase;
			buildActionMask = 2147483647;
			files = (
				118858611A8DBDD5004012DD /* PlayingCard.m in Sources */,
				118858671A8DBE52004012DD /* PlayingCardDeck.m in Sources */,
				118858641A8DBE2D004012DD /* Deck.m in Sources */,
				1188585B1A8DBC42004012DD /* Card.m in Sources */,
				118858351A8DBBC0004012DD /* AppDelegate.m in Sources */,
				118858381A8DBBC0004012DD /* UnitTestsCardExample.xcdatamodeld in Sources */,
				1188583B1A8DBBC0004012DD /* ViewController.m in Sources */,
				118858321A8DBBC0004012DD /* main.m in Sources */,
			);
			runOnlyForDeploymentPostprocessing = 0;
		};
		118858441A8DBBC0004012DD /* Sources */ = {
			isa = PBXSourcesBuildPhase;
			buildActionMask = 2147483647;
			files = (
				1188586B1A8DD7B6004012DD /* PlayingCardTestCase.m in Sources */,
				118858691A8DCAE6004012DD /* CardTestCase.m in Sources */,
			);
			runOnlyForDeploymentPostprocessing = 0;
		};
/* End PBXSourcesBuildPhase section */

/* Begin PBXTargetDependency section */
		1188584A1A8DBBC0004012DD /* PBXTargetDependency */ = {
			isa = PBXTargetDependency;
			target = 1188582B1A8DBBC0004012DD /* UnitTestsCardExample */;
			targetProxy = 118858491A8DBBC0004012DD /* PBXContainerItemProxy */;
		};
/* End PBXTargetDependency section */

/* Begin PBXVariantGroup section */
		1188583C1A8DBBC0004012DD /* Main.storyboard */ = {
			isa = PBXVariantGroup;
			children = (
				1188583D1A8DBBC0004012DD /* Base */,
			);
			name = Main.storyboard;
			sourceTree = "<group>";
		};
		118858411A8DBBC0004012DD /* LaunchScreen.xib */ = {
			isa = PBXVariantGroup;
			children = (
				118858421A8DBBC0004012DD /* Base */,
			);
			name = LaunchScreen.xib;
			sourceTree = "<group>";
		};
/* End PBXVariantGroup section */

/* Begin XCBuildConfiguration section */
		118858501A8DBBC0004012DD /* Debug */ = {
			isa = XCBuildConfiguration;
			buildSettings = {
				ALWAYS_SEARCH_USER_PATHS = NO;
				CLANG_CXX_LANGUAGE_STANDARD = "gnu++0x";
				CLANG_CXX_LIBRARY = "libc++";
				CLANG_ENABLE_MODULES = YES;
				CLANG_ENABLE_OBJC_ARC = YES;
				CLANG_WARN_BOOL_CONVERSION = YES;
				CLANG_WARN_CONSTANT_CONVERSION = YES;
				CLANG_WARN_DIRECT_OBJC_ISA_USAGE = YES_ERROR;
				CLANG_WARN_EMPTY_BODY = YES;
				CLANG_WARN_ENUM_CONVERSION = YES;
				CLANG_WARN_INT_CONVERSION = YES;
				CLANG_WARN_OBJC_ROOT_CLASS = YES_ERROR;
				CLANG_WARN_UNREACHABLE_CODE = YES;
				CLANG_WARN__DUPLICATE_METHOD_MATCH = YES;
				"CODE_SIGN_IDENTITY[sdk=iphoneos*]" = "iPhone Developer";
				COPY_PHASE_STRIP = NO;
				ENABLE_STRICT_OBJC_MSGSEND = YES;
				GCC_C_LANGUAGE_STANDARD = gnu99;
				GCC_DYNAMIC_NO_PIC = NO;
				GCC_OPTIMIZATION_LEVEL = 0;
				GCC_PREPROCESSOR_DEFINITIONS = (
					"DEBUG=1",
					"$(inherited)",
				);
				GCC_SYMBOLS_PRIVATE_EXTERN = NO;
				GCC_WARN_64_TO_32_BIT_CONVERSION = YES;
				GCC_WARN_ABOUT_RETURN_TYPE = YES_ERROR;
				GCC_WARN_UNDECLARED_SELECTOR = YES;
				GCC_WARN_UNINITIALIZED_AUTOS = YES_AGGRESSIVE;
				GCC_WARN_UNUSED_FUNCTION = YES;
				GCC_WARN_UNUSED_VARIABLE = YES;
				IPHONEOS_DEPLOYMENT_TARGET = 8.1;
				MTL_ENABLE_DEBUG_INFO = YES;
				ONLY_ACTIVE_ARCH = YES;
				SDKROOT = iphoneos;
				TARGETED_DEVICE_FAMILY = "1,2";
			};
			name = Debug;
		};
		118858511A8DBBC0004012DD /* Release */ = {
			isa = XCBuildConfiguration;
			buildSettings = {
				ALWAYS_SEARCH_USER_PATHS = NO;
				CLANG_CXX_LANGUAGE_STANDARD = "gnu++0x";
				CLANG_CXX_LIBRARY = "libc++";
				CLANG_ENABLE_MODULES = YES;
				CLANG_ENABLE_OBJC_ARC = YES;
				CLANG_WARN_BOOL_CONVERSION = YES;
				CLANG_WARN_CONSTANT_CONVERSION = YES;
				CLANG_WARN_DIRECT_OBJC_ISA_USAGE = YES_ERROR;
				CLANG_WARN_EMPTY_BODY = YES;
				CLANG_WARN_ENUM_CONVERSION = YES;
				CLANG_WARN_INT_CONVERSION = YES;
				CLANG_WARN_OBJC_ROOT_CLASS = YES_ERROR;
				CLANG_WARN_UNREACHABLE_CODE = YES;
				CLANG_WARN__DUPLICATE_METHOD_MATCH = YES;
				"CODE_SIGN_IDENTITY[sdk=iphoneos*]" = "iPhone Developer";
				COPY_PHASE_STRIP = YES;
				ENABLE_NS_ASSERTIONS = NO;
				ENABLE_STRICT_OBJC_MSGSEND = YES;
				GCC_C_LANGUAGE_STANDARD = gnu99;
				GCC_WARN_64_TO_32_BIT_CONVERSION = YES;
				GCC_WARN_ABOUT_RETURN_TYPE = YES_ERROR;
				GCC_WARN_UNDECLARED_SELECTOR = YES;
				GCC_WARN_UNINITIALIZED_AUTOS = YES_AGGRESSIVE;
				GCC_WARN_UNUSED_FUNCTION = YES;
				GCC_WARN_UNUSED_VARIABLE = YES;
				IPHONEOS_DEPLOYMENT_TARGET = 8.1;
				MTL_ENABLE_DEBUG_INFO = NO;
				SDKROOT = iphoneos;
				TARGETED_DEVICE_FAMILY = "1,2";
				VALIDATE_PRODUCT = YES;
			};
			name = Release;
		};
		118858531A8DBBC0004012DD /* Debug */ = {
			isa = XCBuildConfiguration;
			buildSettings = {
				ASSETCATALOG_COMPILER_APPICON_NAME = AppIcon;
				INFOPLIST_FILE = UnitTestsCardExample/Info.plist;
				LD_RUNPATH_SEARCH_PATHS = "$(inherited) @executable_path/Frameworks";
				PRODUCT_NAME = "$(TARGET_NAME)";
			};
			name = Debug;
		};
		118858541A8DBBC0004012DD /* Release */ = {
			isa = XCBuildConfiguration;
			buildSettings = {
				ASSETCATALOG_COMPILER_APPICON_NAME = AppIcon;
				INFOPLIST_FILE = UnitTestsCardExample/Info.plist;
				LD_RUNPATH_SEARCH_PATHS = "$(inherited) @executable_path/Frameworks";
				PRODUCT_NAME = "$(TARGET_NAME)";
			};
			name = Release;
		};
		118858561A8DBBC0004012DD /* Debug */ = {
			isa = XCBuildConfiguration;
			buildSettings = {
				BUNDLE_LOADER = "$(TEST_HOST)";
				FRAMEWORK_SEARCH_PATHS = (
					"$(SDKROOT)/Developer/Library/Frameworks",
					"$(inherited)",
				);
				GCC_PREPROCESSOR_DEFINITIONS = (
					"DEBUG=1",
					"$(inherited)",
				);
				INFOPLIST_FILE = UnitTestsCardExampleTests/Info.plist;
				LD_RUNPATH_SEARCH_PATHS = "$(inherited) @executable_path/Frameworks @loader_path/Frameworks";
				PRODUCT_NAME = "$(TARGET_NAME)";
				TEST_HOST = "$(BUILT_PRODUCTS_DIR)/UnitTestsCardExample.app/UnitTestsCardExample";
			};
			name = Debug;
		};
		118858571A8DBBC0004012DD /* Release */ = {
			isa = XCBuildConfiguration;
			buildSettings = {
				BUNDLE_LOADER = "$(TEST_HOST)";
				FRAMEWORK_SEARCH_PATHS = (
					"$(SDKROOT)/Developer/Library/Frameworks",
					"$(inherited)",
				);
				INFOPLIST_FILE = UnitTestsCardExampleTests/Info.plist;
				LD_RUNPATH_SEARCH_PATHS = "$(inherited) @executable_path/Frameworks @loader_path/Frameworks";
				PRODUCT_NAME = "$(TARGET_NAME)";
				TEST_HOST = "$(BUILT_PRODUCTS_DIR)/UnitTestsCardExample.app/UnitTestsCardExample";
			};
			name = Release;
		};
/* End XCBuildConfiguration section */

/* Begin XCConfigurationList section */
		118858271A8DBBC0004012DD /* Build configuration list for PBXProject "UnitTestsCardExample" */ = {
			isa = XCConfigurationList;
			buildConfigurations = (
				118858501A8DBBC0004012DD /* Debug */,
				118858511A8DBBC0004012DD /* Release */,
			);
			defaultConfigurationIsVisible = 0;
			defaultConfigurationName = Release;
		};
		118858521A8DBBC0004012DD /* Build configuration list for PBXNativeTarget "UnitTestsCardExample" */ = {
			isa = XCConfigurationList;
			buildConfigurations = (
				118858531A8DBBC0004012DD /* Debug */,
				118858541A8DBBC0004012DD /* Release */,
			);
			defaultConfigurationIsVisible = 0;
		};
		118858551A8DBBC0004012DD /* Build configuration list for PBXNativeTarget "UnitTestsCardExampleTests" */ = {
			isa = XCConfigurationList;
			buildConfigurations = (
				118858561A8DBBC0004012DD /* Debug */,
				118858571A8DBBC0004012DD /* Release */,
			);
			defaultConfigurationIsVisible = 0;
		};
/* End XCConfigurationList section */

/* Begin XCVersionGroup section */
		118858361A8DBBC0004012DD /* UnitTestsCardExample.xcdatamodeld */ = {
			isa = XCVersionGroup;
			children = (
				118858371A8DBBC0004012DD /* UnitTestsCardExample.xcdatamodel */,
			);
			currentVersion = 118858371A8DBBC0004012DD /* UnitTestsCardExample.xcdatamodel */;
			path = UnitTestsCardExample.xcdatamodeld;
			sourceTree = "<group>";
			versionGroupType = wrapper.xcdatamodel;
		};
/* End XCVersionGroup section */
	};
	rootObject = 118858241A8DBBC0004012DD /* Project object */;
}
